
Microsoft Visual Studio Solution File, Format Version 12.00
# Visual Studio Version 16
VisualStudioVersion = 16.0.34031.81
MinimumVisualStudioVersion = 10.0.40219.1
Project("{8BC9CEB8-8B4A-11D0-8D11-00A0C91BC942}") = "PR-6.4.it", "PR-6.4.it.vcxproj", "{E7430AF4-829C-45CC-AB20-5D8A49C0C30F}"
EndProject
Project("{8BC9CEB8-8B4A-11D0-8D11-00A0C91BC942}") = "UnitTest6.4", "..\UnitTest6.4\UnitTest6.4.vcxproj", "{C5CE3649-7461-4EF2-BC8A-CF6802B01ED1}"
EndProject
Global
	GlobalSection(SolutionConfigurationPlatforms) = preSolution
		Debug|x64 = Debug|x64
		Debug|x86 = Debug|x86
		Release|x64 = Release|x64
		Release|x86 = Release|x86
	EndGlobalSection
	GlobalSection(ProjectConfigurationPlatforms) = postSolution
		{E7430AF4-829C-45CC-AB20-5D8A49C0C30F}.Debug|x64.ActiveCfg = Debug|x64
		{E7430AF4-829C-45CC-AB20-5D8A49C0C30F}.Debug|x64.Build.0 = Debug|x64
		{E7430AF4-829C-45CC-AB20-5D8A49C0C30F}.Debug|x86.ActiveCfg = Debug|Win32
		{E7430AF4-829C-45CC-AB20-5D8A49C0C30F}.Debug|x86.Build.0 = Debug|Win32
		{E7430AF4-829C-45CC-AB20-5D8A49C0C30F}.Release|x64.ActiveCfg = Release|x64
		{E7430AF4-829C-45CC-AB20-5D8A49C0C30F}.Release|x64.Build.0 = Release|x64
		{E7430AF4-829C-45CC-AB20-5D8A49C0C30F}.Release|x86.ActiveCfg = Release|Win32
		{E7430AF4-829C-45CC-AB20-5D8A49C0C30F}.Release|x86.Build.0 = Release|Win32
		{C5CE3649-7461-4EF2-BC8A-CF6802B01ED1}.Debug|x64.ActiveCfg = Debug|x64
		{C5CE3649-7461-4EF2-BC8A-CF6802B01ED1}.Debug|x64.Build.0 = Debug|x64
		{C5CE3649-7461-4EF2-BC8A-CF6802B01ED1}.Debug|x86.ActiveCfg = Debug|Win32
		{C5CE3649-7461-4EF2-BC8A-CF6802B01ED1}.Debug|x86.Build.0 = Debug|Win32
		{C5CE3649-7461-4EF2-BC8A-CF6802B01ED1}.Release|x64.ActiveCfg = Release|x64
		{C5CE3649-7461-4EF2-BC8A-CF6802B01ED1}.Release|x64.Build.0 = Release|x64
		{C5CE3649-7461-4EF2-BC8A-CF6802B01ED1}.Release|x86.ActiveCfg = Release|Win32
		{C5CE3649-7461-4EF2-BC8A-CF6802B01ED1}.Release|x86.Build.0 = Release|Win32
	EndGlobalSection
	GlobalSection(SolutionProperties) = preSolution
		HideSolutionNode = FALSE
	EndGlobalSection
	GlobalSection(ExtensibilityGlobals) = postSolution
		SolutionGuid = {169F9281-BBF3-4078-8582-44380C4CAD28}
	EndGlobalSection
EndGlobal
